// !$*UTF8*$!
{
	archiveVersion = 1;
	classes = {
	};
	objectVersion = 46;
	objects = {

/* Begin PBXBuildFile section */
		4B07D7FA14BC8FA500D7A32B /* Sparkle.framework in Frameworks */ = {isa = PBXBuildFile; fileRef = 4B07D7F914BC8FA500D7A32B /* Sparkle.framework */; };
		4B07D7FB14BC8FBD00D7A32B /* Sparkle.framework in Copy Frameworks */ = {isa = PBXBuildFile; fileRef = 4B07D7F914BC8FA500D7A32B /* Sparkle.framework */; };
		4B07D82914BC9D4C00D7A32B /* FKGeneralPreferencesViewController.m in Sources */ = {isa = PBXBuildFile; fileRef = 4B07D82614BC9D4C00D7A32B /* FKGeneralPreferencesViewController.m */; };
		4B07D82A14BC9D4C00D7A32B /* FKUpdatePreferencesViewController.m in Sources */ = {isa = PBXBuildFile; fileRef = 4B07D82814BC9D4C00D7A32B /* FKUpdatePreferencesViewController.m */; };
		4B07D82C14BC9D6E00D7A32B /* main.m in Sources */ = {isa = PBXBuildFile; fileRef = 4B07D82B14BC9D6E00D7A32B /* main.m */; };
		4B07D83214BC9DA900D7A32B /* Boards.plist in Resources */ = {isa = PBXBuildFile; fileRef = 4B07D82E14BC9DA900D7A32B /* Boards.plist */; };
		4B07D83314BC9DA900D7A32B /* dsa_pub.pem in Resources */ = {isa = PBXBuildFile; fileRef = 4B07D82F14BC9DA900D7A32B /* dsa_pub.pem */; };
		4B07D83C14BC9DCC00D7A32B /* FKGeneralPreferencesViewController.xib in Resources */ = {isa = PBXBuildFile; fileRef = 4B07D83614BC9DCC00D7A32B /* FKGeneralPreferencesViewController.xib */; };
		4B07D83D14BC9DCC00D7A32B /* FKSerialMonitorWindowController.xib in Resources */ = {isa = PBXBuildFile; fileRef = 4B07D83714BC9DCC00D7A32B /* FKSerialMonitorWindowController.xib */; };
		4B07D83F14BC9DCC00D7A32B /* FKSketchDocument.xib in Resources */ = {isa = PBXBuildFile; fileRef = 4B07D83914BC9DCC00D7A32B /* FKSketchDocument.xib */; };
		4B07D84014BC9DCC00D7A32B /* FKUpdatePreferencesViewController.xib in Resources */ = {isa = PBXBuildFile; fileRef = 4B07D83A14BC9DCC00D7A32B /* FKUpdatePreferencesViewController.xib */; };
		4B07D84114BC9DCC00D7A32B /* MainMenu.xib in Resources */ = {isa = PBXBuildFile; fileRef = 4B07D83B14BC9DCC00D7A32B /* MainMenu.xib */; };
		4B07D85914BCA19800D7A32B /* Archive.icns in Resources */ = {isa = PBXBuildFile; fileRef = 4B07D85314BCA19700D7A32B /* Archive.icns */; };
		4B07D85A14BCA19800D7A32B /* C Header.icns in Resources */ = {isa = PBXBuildFile; fileRef = 4B07D85414BCA19700D7A32B /* C Header.icns */; };
		4B07D85B14BCA19800D7A32B /* C++ Source.icns in Resources */ = {isa = PBXBuildFile; fileRef = 4B07D85514BCA19700D7A32B /* C++ Source.icns */; };
		4B07D85C14BCA19800D7A32B /* C Source.icns in Resources */ = {isa = PBXBuildFile; fileRef = 4B07D85614BCA19700D7A32B /* C Source.icns */; };
		4B07D85D14BCA19800D7A32B /* Sketch.icns in Resources */ = {isa = PBXBuildFile; fileRef = 4B07D85714BCA19700D7A32B /* Sketch.icns */; };
		4B07D86014BCA1B600D7A32B /* Terminal.png in Resources */ = {isa = PBXBuildFile; fileRef = 4B07D85F14BCA1B600D7A32B /* Terminal.png */; };
		4B0F412A14B72B8B003D1F31 /* AMSerialPortAdditions.m in Sources */ = {isa = PBXBuildFile; fileRef = 4B0F412914B72B8B003D1F31 /* AMSerialPortAdditions.m */; };
		4B884ED014BB46FE00209EBF /* PSMTabBarControl.framework in Frameworks */ = {isa = PBXBuildFile; fileRef = 4B884ECD14BB46DA00209EBF /* PSMTabBarControl.framework */; };
		4B884ED114BB470300209EBF /* PSMTabBarControl.framework in Copy Frameworks */ = {isa = PBXBuildFile; fileRef = 4B884ECD14BB46DA00209EBF /* PSMTabBarControl.framework */; };
		4B884F8414BB5F1600209EBF /* MGSFragaria.framework in Copy Frameworks */ = {isa = PBXBuildFile; fileRef = 4B884F8114BB5F0700209EBF /* MGSFragaria.framework */; };
		4B884F9714BB611E00209EBF /* MGSFragaria.framework in Frameworks */ = {isa = PBXBuildFile; fileRef = 4B884F8114BB5F0700209EBF /* MGSFragaria.framework */; };
		4B8D9F8414B7770800C3E002 /* MASPreferencesWindow.xib in Resources */ = {isa = PBXBuildFile; fileRef = 4B8D9F8114B7770800C3E002 /* MASPreferencesWindow.xib */; };
		4B8D9F8514B7770800C3E002 /* MASPreferencesWindowController.m in Sources */ = {isa = PBXBuildFile; fileRef = 4B8D9F8314B7770800C3E002 /* MASPreferencesWindowController.m */; };
		4B90C6B714B714D600826E6D /* AMSerialPort.m in Sources */ = {isa = PBXBuildFile; fileRef = 4B90C6B214B714D600826E6D /* AMSerialPort.m */; };
		4B90C6B914B714D600826E6D /* AMSerialPortList.m in Sources */ = {isa = PBXBuildFile; fileRef = 4B90C6B614B714D600826E6D /* AMSerialPortList.m */; };
		4B90C6BB14B7154D00826E6D /* IOKit.framework in Frameworks */ = {isa = PBXBuildFile; fileRef = 4B90C6BA14B7154D00826E6D /* IOKit.framework */; };
		4B92375214C2CDE1007A8BF4 /* NSString-FKBuildOutput.m in Sources */ = {isa = PBXBuildFile; fileRef = 4B92375114C2CDE1007A8BF4 /* NSString-FKBuildOutput.m */; };
		4B92375E14C2E614007A8BF4 /* Warning.png in Resources */ = {isa = PBXBuildFile; fileRef = 4B92375C14C2E614007A8BF4 /* Warning.png */; };
		4B92376214C2EBAB007A8BF4 /* Funk.aiff in Resources */ = {isa = PBXBuildFile; fileRef = 4B92376014C2EBAB007A8BF4 /* Funk.aiff */; };
		4B92376B14C2EBC6007A8BF4 /* SoftwareUpdate.png in Resources */ = {isa = PBXBuildFile; fileRef = 4B92376714C2EBC5007A8BF4 /* SoftwareUpdate.png */; };
		4B92376F14C2EE14007A8BF4 /* Tri-Tone.aiff in Resources */ = {isa = PBXBuildFile; fileRef = 4B92376E14C2EE14007A8BF4 /* Tri-Tone.aiff */; };
		4BEEDEE114C073E100754579 /* Examples in Resources */ = {isa = PBXBuildFile; fileRef = 4BEEDEE014C073E100754579 /* Examples */; };
		4BEEDF1014C0B13000754579 /* SCEvent.m in Sources */ = {isa = PBXBuildFile; fileRef = 4BEEDF0C14C0B13000754579 /* SCEvent.m */; };
		4BEEDF1114C0B13000754579 /* SCEvents.m in Sources */ = {isa = PBXBuildFile; fileRef = 4BEEDF0F14C0B13000754579 /* SCEvents.m */; };
		4BEEDF2E14C0D11800754579 /* LICENSE in Resources */ = {isa = PBXBuildFile; fileRef = 4BEEDF2D14C0D11800754579 /* LICENSE */; };
		4BF041E314BCCD2800A64D1B /* FKInoTool.m in Sources */ = {isa = PBXBuildFile; fileRef = 4BF041E014BCCD2800A64D1B /* FKInoTool.m */; };
		4BF041E414BCCD2800A64D1B /* FKSketchFile.m in Sources */ = {isa = PBXBuildFile; fileRef = 4BF041E214BCCD2800A64D1B /* FKSketchFile.m */; };
		4BF041EB14BCCD6600A64D1B /* FKDocumentController.m in Sources */ = {isa = PBXBuildFile; fileRef = 4BF041E614BCCD6600A64D1B /* FKDocumentController.m */; };
		4BF041EC14BCCD6600A64D1B /* FKSerialMonitorWindowController.m in Sources */ = {isa = PBXBuildFile; fileRef = 4BF041E814BCCD6600A64D1B /* FKSerialMonitorWindowController.m */; };
		4BF041ED14BCCD6600A64D1B /* FKSketchDocument.m in Sources */ = {isa = PBXBuildFile; fileRef = 4BF041EA14BCCD6600A64D1B /* FKSketchDocument.m */; };
		4BFA552C14C1C7BB00089995 /* bin in Resources */ = {isa = PBXBuildFile; fileRef = 4BFA552A14C1C7BB00089995 /* bin */; };
		4BFA552D14C1C7BB00089995 /* ino-cocoduino.egg in Resources */ = {isa = PBXBuildFile; fileRef = 4BFA552B14C1C7BB00089995 /* ino-cocoduino.egg */; };
		4BFBDA7414B4A3CD00985AB9 /* Cocoa.framework in Frameworks */ = {isa = PBXBuildFile; fileRef = 1058C7A1FEA54F0111CA2CBB /* Cocoa.framework */; };
		4BFD6B5C14D2D85D00CE9856 /* Templates in Resources */ = {isa = PBXBuildFile; fileRef = 4BFD6B5B14D2D85D00CE9856 /* Templates */; };
/* End PBXBuildFile section */

/* Begin PBXContainerItemProxy section */
		4B884ECC14BB46DA00209EBF /* PBXContainerItemProxy */ = {
			isa = PBXContainerItemProxy;
			containerPortal = 4B884EC514BB46DA00209EBF /* PSMTabBarControl.xcodeproj */;
			proxyType = 2;
			remoteGlobalIDString = 53DF68FD067E5B5A0090B5B0;
			remoteInfo = PSMTabBarControlFramework;
		};
		4B884ECE14BB46F500209EBF /* PBXContainerItemProxy */ = {
			isa = PBXContainerItemProxy;
			containerPortal = 4B884EC514BB46DA00209EBF /* PSMTabBarControl.xcodeproj */;
			proxyType = 1;
			remoteGlobalIDString = 53DF68FC067E5B5A0090B5B0;
			remoteInfo = PSMTabBarControlFramework;
		};
		4B884F8014BB5F0700209EBF /* PBXContainerItemProxy */ = {
			isa = PBXContainerItemProxy;
			containerPortal = 4B884F7914BB5F0700209EBF /* Fragaria.xcodeproj */;
			proxyType = 2;
			remoteGlobalIDString = AB69B62B118B745700903D1D;
			remoteInfo = MGSFragaria;
		};
		4B884F8214BB5F0F00209EBF /* PBXContainerItemProxy */ = {
			isa = PBXContainerItemProxy;
			containerPortal = 4B884F7914BB5F0700209EBF /* Fragaria.xcodeproj */;
			proxyType = 1;
			remoteGlobalIDString = AB69B62A118B745700903D1D;
			remoteInfo = MGSFragaria;
		};
/* End PBXContainerItemProxy section */

/* Begin PBXCopyFilesBuildPhase section */
		4BBD079514B4A5B100FA6E2C /* Copy Frameworks */ = {
			isa = PBXCopyFilesBuildPhase;
			buildActionMask = 2147483647;
			dstPath = "";
			dstSubfolderSpec = 10;
			files = (
				4B884F8414BB5F1600209EBF /* MGSFragaria.framework in Copy Frameworks */,
				4B884ED114BB470300209EBF /* PSMTabBarControl.framework in Copy Frameworks */,
				4B07D7FB14BC8FBD00D7A32B /* Sparkle.framework in Copy Frameworks */,
			);
			name = "Copy Frameworks";
			runOnlyForDeploymentPostprocessing = 0;
		};
/* End PBXCopyFilesBuildPhase section */

/* Begin PBXFileReference section */
		1058C7A1FEA54F0111CA2CBB /* Cocoa.framework */ = {isa = PBXFileReference; lastKnownFileType = wrapper.framework; name = Cocoa.framework; path = /System/Library/Frameworks/Cocoa.framework; sourceTree = "<absolute>"; };
		29B97324FDCFA39411CA2CEA /* AppKit.framework */ = {isa = PBXFileReference; lastKnownFileType = wrapper.framework; name = AppKit.framework; path = /System/Library/Frameworks/AppKit.framework; sourceTree = "<absolute>"; };
		29B97325FDCFA39411CA2CEA /* Foundation.framework */ = {isa = PBXFileReference; lastKnownFileType = wrapper.framework; name = Foundation.framework; path = /System/Library/Frameworks/Foundation.framework; sourceTree = "<absolute>"; };
		4B07D7F914BC8FA500D7A32B /* Sparkle.framework */ = {isa = PBXFileReference; lastKnownFileType = wrapper.framework; path = Sparkle.framework; sourceTree = "<group>"; };
		4B07D82514BC9D4C00D7A32B /* FKGeneralPreferencesViewController.h */ = {isa = PBXFileReference; fileEncoding = 4; lastKnownFileType = sourcecode.c.h; path = FKGeneralPreferencesViewController.h; sourceTree = "<group>"; };
		4B07D82614BC9D4C00D7A32B /* FKGeneralPreferencesViewController.m */ = {isa = PBXFileReference; fileEncoding = 4; lastKnownFileType = sourcecode.c.objc; path = FKGeneralPreferencesViewController.m; sourceTree = "<group>"; };
		4B07D82714BC9D4C00D7A32B /* FKUpdatePreferencesViewController.h */ = {isa = PBXFileReference; fileEncoding = 4; lastKnownFileType = sourcecode.c.h; path = FKUpdatePreferencesViewController.h; sourceTree = "<group>"; };
		4B07D82814BC9D4C00D7A32B /* FKUpdatePreferencesViewController.m */ = {isa = PBXFileReference; fileEncoding = 4; lastKnownFileType = sourcecode.c.objc; path = FKUpdatePreferencesViewController.m; sourceTree = "<group>"; };
		4B07D82B14BC9D6E00D7A32B /* main.m */ = {isa = PBXFileReference; fileEncoding = 4; lastKnownFileType = sourcecode.c.objc; path = main.m; sourceTree = "<group>"; };
		4B07D82E14BC9DA900D7A32B /* Boards.plist */ = {isa = PBXFileReference; fileEncoding = 4; lastKnownFileType = text.plist.xml; path = Boards.plist; sourceTree = "<group>"; };
		4B07D82F14BC9DA900D7A32B /* dsa_pub.pem */ = {isa = PBXFileReference; fileEncoding = 4; lastKnownFileType = text; path = dsa_pub.pem; sourceTree = "<group>"; };
		4B07D83614BC9DCC00D7A32B /* FKGeneralPreferencesViewController.xib */ = {isa = PBXFileReference; fileEncoding = 4; lastKnownFileType = file.xib; path = FKGeneralPreferencesViewController.xib; sourceTree = "<group>"; };
		4B07D83714BC9DCC00D7A32B /* FKSerialMonitorWindowController.xib */ = {isa = PBXFileReference; fileEncoding = 4; lastKnownFileType = file.xib; path = FKSerialMonitorWindowController.xib; sourceTree = "<group>"; };
		4B07D83914BC9DCC00D7A32B /* FKSketchDocument.xib */ = {isa = PBXFileReference; fileEncoding = 4; lastKnownFileType = file.xib; path = FKSketchDocument.xib; sourceTree = "<group>"; };
		4B07D83A14BC9DCC00D7A32B /* FKUpdatePreferencesViewController.xib */ = {isa = PBXFileReference; fileEncoding = 4; lastKnownFileType = file.xib; path = FKUpdatePreferencesViewController.xib; sourceTree = "<group>"; };
		4B07D83B14BC9DCC00D7A32B /* MainMenu.xib */ = {isa = PBXFileReference; fileEncoding = 4; lastKnownFileType = file.xib; path = MainMenu.xib; sourceTree = "<group>"; };
		4B07D84214BC9DFF00D7A32B /* Cocoduino-Info.plist */ = {isa = PBXFileReference; fileEncoding = 4; lastKnownFileType = text.plist.xml; path = "Cocoduino-Info.plist"; sourceTree = SOURCE_ROOT; };
		4B07D85314BCA19700D7A32B /* Archive.icns */ = {isa = PBXFileReference; lastKnownFileType = image.icns; path = Archive.icns; sourceTree = "<group>"; };
		4B07D85414BCA19700D7A32B /* C Header.icns */ = {isa = PBXFileReference; lastKnownFileType = image.icns; path = "C Header.icns"; sourceTree = "<group>"; };
		4B07D85514BCA19700D7A32B /* C++ Source.icns */ = {isa = PBXFileReference; lastKnownFileType = image.icns; path = "C++ Source.icns"; sourceTree = "<group>"; };
		4B07D85614BCA19700D7A32B /* C Source.icns */ = {isa = PBXFileReference; lastKnownFileType = image.icns; path = "C Source.icns"; sourceTree = "<group>"; };
		4B07D85714BCA19700D7A32B /* Sketch.icns */ = {isa = PBXFileReference; lastKnownFileType = image.icns; path = Sketch.icns; sourceTree = "<group>"; };
		4B07D85F14BCA1B600D7A32B /* Terminal.png */ = {isa = PBXFileReference; lastKnownFileType = image.png; path = Terminal.png; sourceTree = "<group>"; };
		4B0F412814B72B8B003D1F31 /* AMSerialPortAdditions.h */ = {isa = PBXFileReference; fileEncoding = 4; lastKnownFileType = sourcecode.c.h; path = AMSerialPortAdditions.h; sourceTree = "<group>"; };
		4B0F412914B72B8B003D1F31 /* AMSerialPortAdditions.m */ = {isa = PBXFileReference; fileEncoding = 4; lastKnownFileType = sourcecode.c.objc; path = AMSerialPortAdditions.m; sourceTree = "<group>"; };
		4B884EC514BB46DA00209EBF /* PSMTabBarControl.xcodeproj */ = {isa = PBXFileReference; lastKnownFileType = "wrapper.pb-project"; name = PSMTabBarControl.xcodeproj; path = PSMTabBarControl/PSMTabBarControl.xcodeproj; sourceTree = "<group>"; };
		4B884F7914BB5F0700209EBF /* Fragaria.xcodeproj */ = {isa = PBXFileReference; lastKnownFileType = "wrapper.pb-project"; name = Fragaria.xcodeproj; path = Fragaria/Fragaria.xcodeproj; sourceTree = "<group>"; };
		4B8D9F8014B7770800C3E002 /* MASPreferencesViewController.h */ = {isa = PBXFileReference; fileEncoding = 4; lastKnownFileType = sourcecode.c.h; path = MASPreferencesViewController.h; sourceTree = "<group>"; };
		4B8D9F8114B7770800C3E002 /* MASPreferencesWindow.xib */ = {isa = PBXFileReference; fileEncoding = 4; lastKnownFileType = file.xib; path = MASPreferencesWindow.xib; sourceTree = "<group>"; };
		4B8D9F8214B7770800C3E002 /* MASPreferencesWindowController.h */ = {isa = PBXFileReference; fileEncoding = 4; lastKnownFileType = sourcecode.c.h; path = MASPreferencesWindowController.h; sourceTree = "<group>"; };
		4B8D9F8314B7770800C3E002 /* MASPreferencesWindowController.m */ = {isa = PBXFileReference; fileEncoding = 4; lastKnownFileType = sourcecode.c.objc; path = MASPreferencesWindowController.m; sourceTree = "<group>"; };
		4B90C6B014B714D600826E6D /* AMSerialErrors.h */ = {isa = PBXFileReference; fileEncoding = 4; lastKnownFileType = sourcecode.c.h; path = AMSerialErrors.h; sourceTree = "<group>"; };
		4B90C6B114B714D600826E6D /* AMSerialPort.h */ = {isa = PBXFileReference; fileEncoding = 4; lastKnownFileType = sourcecode.c.h; path = AMSerialPort.h; sourceTree = "<group>"; };
		4B90C6B214B714D600826E6D /* AMSerialPort.m */ = {isa = PBXFileReference; fileEncoding = 4; lastKnownFileType = sourcecode.c.objc; path = AMSerialPort.m; sourceTree = "<group>"; };
		4B90C6B514B714D600826E6D /* AMSerialPortList.h */ = {isa = PBXFileReference; fileEncoding = 4; lastKnownFileType = sourcecode.c.h; path = AMSerialPortList.h; sourceTree = "<group>"; };
		4B90C6B614B714D600826E6D /* AMSerialPortList.m */ = {isa = PBXFileReference; fileEncoding = 4; lastKnownFileType = sourcecode.c.objc; path = AMSerialPortList.m; sourceTree = "<group>"; };
		4B90C6BA14B7154D00826E6D /* IOKit.framework */ = {isa = PBXFileReference; lastKnownFileType = wrapper.framework; name = IOKit.framework; path = System/Library/Frameworks/IOKit.framework; sourceTree = SDKROOT; };
		4B92375014C2CDE1007A8BF4 /* NSString-FKBuildOutput.h */ = {isa = PBXFileReference; fileEncoding = 4; lastKnownFileType = sourcecode.c.h; path = "NSString-FKBuildOutput.h"; sourceTree = "<group>"; };
		4B92375114C2CDE1007A8BF4 /* NSString-FKBuildOutput.m */ = {isa = PBXFileReference; fileEncoding = 4; lastKnownFileType = sourcecode.c.objc; path = "NSString-FKBuildOutput.m"; sourceTree = "<group>"; };
		4B92375C14C2E614007A8BF4 /* Warning.png */ = {isa = PBXFileReference; lastKnownFileType = image.png; path = Warning.png; sourceTree = "<group>"; };
		4B92376014C2EBAB007A8BF4 /* Funk.aiff */ = {isa = PBXFileReference; lastKnownFileType = audio.aiff; path = Funk.aiff; sourceTree = "<group>"; };
		4B92376714C2EBC5007A8BF4 /* SoftwareUpdate.png */ = {isa = PBXFileReference; lastKnownFileType = image.png; path = SoftwareUpdate.png; sourceTree = "<group>"; };
		4B92376E14C2EE14007A8BF4 /* Tri-Tone.aiff */ = {isa = PBXFileReference; lastKnownFileType = audio.aiff; path = "Tri-Tone.aiff"; sourceTree = "<group>"; };
		4BEEDEE014C073E100754579 /* Examples */ = {isa = PBXFileReference; lastKnownFileType = folder; path = Examples; sourceTree = "<group>"; };
		4BEEDF0A14C0B13000754579 /* SCConstants.h */ = {isa = PBXFileReference; fileEncoding = 4; lastKnownFileType = sourcecode.c.h; path = SCConstants.h; sourceTree = "<group>"; };
		4BEEDF0B14C0B13000754579 /* SCEvent.h */ = {isa = PBXFileReference; fileEncoding = 4; lastKnownFileType = sourcecode.c.h; path = SCEvent.h; sourceTree = "<group>"; };
		4BEEDF0C14C0B13000754579 /* SCEvent.m */ = {isa = PBXFileReference; fileEncoding = 4; lastKnownFileType = sourcecode.c.objc; path = SCEvent.m; sourceTree = "<group>"; };
		4BEEDF0D14C0B13000754579 /* SCEventListenerProtocol.h */ = {isa = PBXFileReference; fileEncoding = 4; lastKnownFileType = sourcecode.c.h; path = SCEventListenerProtocol.h; sourceTree = "<group>"; };
		4BEEDF0E14C0B13000754579 /* SCEvents.h */ = {isa = PBXFileReference; fileEncoding = 4; lastKnownFileType = sourcecode.c.h; path = SCEvents.h; sourceTree = "<group>"; };
		4BEEDF0F14C0B13000754579 /* SCEvents.m */ = {isa = PBXFileReference; fileEncoding = 4; lastKnownFileType = sourcecode.c.objc; path = SCEvents.m; sourceTree = "<group>"; };
		4BEEDF2D14C0D11800754579 /* LICENSE */ = {isa = PBXFileReference; fileEncoding = 4; lastKnownFileType = text; path = LICENSE; sourceTree = "<group>"; };
		4BF041DF14BCCD2800A64D1B /* FKInoTool.h */ = {isa = PBXFileReference; fileEncoding = 4; lastKnownFileType = sourcecode.c.h; path = FKInoTool.h; sourceTree = "<group>"; };
		4BF041E014BCCD2800A64D1B /* FKInoTool.m */ = {isa = PBXFileReference; fileEncoding = 4; lastKnownFileType = sourcecode.c.objc; path = FKInoTool.m; sourceTree = "<group>"; };
		4BF041E114BCCD2800A64D1B /* FKSketchFile.h */ = {isa = PBXFileReference; fileEncoding = 4; lastKnownFileType = sourcecode.c.h; path = FKSketchFile.h; sourceTree = "<group>"; };
		4BF041E214BCCD2800A64D1B /* FKSketchFile.m */ = {isa = PBXFileReference; fileEncoding = 4; lastKnownFileType = sourcecode.c.objc; path = FKSketchFile.m; sourceTree = "<group>"; };
		4BF041E514BCCD6600A64D1B /* FKDocumentController.h */ = {isa = PBXFileReference; fileEncoding = 4; lastKnownFileType = sourcecode.c.h; path = FKDocumentController.h; sourceTree = "<group>"; };
		4BF041E614BCCD6600A64D1B /* FKDocumentController.m */ = {isa = PBXFileReference; fileEncoding = 4; lastKnownFileType = sourcecode.c.objc; path = FKDocumentController.m; sourceTree = "<group>"; };
		4BF041E714BCCD6600A64D1B /* FKSerialMonitorWindowController.h */ = {isa = PBXFileReference; fileEncoding = 4; lastKnownFileType = sourcecode.c.h; path = FKSerialMonitorWindowController.h; sourceTree = "<group>"; };
		4BF041E814BCCD6600A64D1B /* FKSerialMonitorWindowController.m */ = {isa = PBXFileReference; fileEncoding = 4; lastKnownFileType = sourcecode.c.objc; path = FKSerialMonitorWindowController.m; sourceTree = "<group>"; };
		4BF041E914BCCD6600A64D1B /* FKSketchDocument.h */ = {isa = PBXFileReference; fileEncoding = 4; lastKnownFileType = sourcecode.c.h; path = FKSketchDocument.h; sourceTree = "<group>"; };
		4BF041EA14BCCD6600A64D1B /* FKSketchDocument.m */ = {isa = PBXFileReference; fileEncoding = 4; lastKnownFileType = sourcecode.c.objc; path = FKSketchDocument.m; sourceTree = "<group>"; };
		4BFA552A14C1C7BB00089995 /* bin */ = {isa = PBXFileReference; lastKnownFileType = folder; name = bin; path = ino/bin; sourceTree = SOURCE_ROOT; };
		4BFA552B14C1C7BB00089995 /* ino-cocoduino.egg */ = {isa = PBXFileReference; lastKnownFileType = folder; name = "ino-cocoduino.egg"; path = "ino/ino-cocoduino.egg"; sourceTree = SOURCE_ROOT; };
		4BFD6B5B14D2D85D00CE9856 /* Templates */ = {isa = PBXFileReference; lastKnownFileType = folder; path = Templates; sourceTree = "<group>"; };
		AB648E2A11FB385700AEF7BD /* Cocoduino.app */ = {isa = PBXFileReference; explicitFileType = wrapper.application; includeInIndex = 0; path = Cocoduino.app; sourceTree = BUILT_PRODUCTS_DIR; };
/* End PBXFileReference section */

/* Begin PBXFrameworksBuildPhase section */
		AB648E2811FB385700AEF7BD /* Frameworks */ = {
			isa = PBXFrameworksBuildPhase;
			buildActionMask = 2147483647;
			files = (
				4B884F9714BB611E00209EBF /* MGSFragaria.framework in Frameworks */,
				4B884ED014BB46FE00209EBF /* PSMTabBarControl.framework in Frameworks */,
				4B90C6BB14B7154D00826E6D /* IOKit.framework in Frameworks */,
				4BFBDA7414B4A3CD00985AB9 /* Cocoa.framework in Frameworks */,
				4B07D7FA14BC8FA500D7A32B /* Sparkle.framework in Frameworks */,
			);
			runOnlyForDeploymentPostprocessing = 0;
		};
/* End PBXFrameworksBuildPhase section */

/* Begin PBXGroup section */
		1058C7A0FEA54F0111CA2CBB /* Linked Frameworks */ = {
			isa = PBXGroup;
			children = (
				4B07D7F914BC8FA500D7A32B /* Sparkle.framework */,
				4B90C6BA14B7154D00826E6D /* IOKit.framework */,
				1058C7A1FEA54F0111CA2CBB /* Cocoa.framework */,
			);
			name = "Linked Frameworks";
			sourceTree = "<group>";
		};
		1058C7A2FEA54F0111CA2CBB /* Other Frameworks */ = {
			isa = PBXGroup;
			children = (
				29B97324FDCFA39411CA2CEA /* AppKit.framework */,
				29B97325FDCFA39411CA2CEA /* Foundation.framework */,
			);
			name = "Other Frameworks";
			sourceTree = "<group>";
		};
		19C28FACFE9D520D11CA2CBB /* Products */ = {
			isa = PBXGroup;
			children = (
				AB648E2A11FB385700AEF7BD /* Cocoduino.app */,
			);
			name = Products;
			sourceTree = "<group>";
		};
		29B97314FDCFA39411CA2CEA /* KosmicEditor */ = {
			isa = PBXGroup;
			children = (
				4B884F7914BB5F0700209EBF /* Fragaria.xcodeproj */,
				4B884EC514BB46DA00209EBF /* PSMTabBarControl.xcodeproj */,
				AB92A4151192B66A0055A3E7 /* Application */,
				29B97315FDCFA39411CA2CEA /* Other Sources */,
				29B97317FDCFA39411CA2CEA /* Resources */,
				29B97323FDCFA39411CA2CEA /* Frameworks */,
				19C28FACFE9D520D11CA2CBB /* Products */,
			);
			name = KosmicEditor;
			sourceTree = "<group>";
		};
		29B97315FDCFA39411CA2CEA /* Other Sources */ = {
			isa = PBXGroup;
			children = (
				4B07D82B14BC9D6E00D7A32B /* main.m */,
			);
			path = "Other Sources";
			sourceTree = "<group>";
		};
		29B97317FDCFA39411CA2CEA /* Resources */ = {
			isa = PBXGroup;
			children = (
				4BEEDF2D14C0D11800754579 /* LICENSE */,
				4B07D82F14BC9DA900D7A32B /* dsa_pub.pem */,
				4B07D82E14BC9DA900D7A32B /* Boards.plist */,
				4B07D84214BC9DFF00D7A32B /* Cocoduino-Info.plist */,
				4B07D85214BCA15B00D7A32B /* Icons */,
				4B92375F14C2EB96007A8BF4 /* Sounds */,
				4B07D83514BC9DB800D7A32B /* Interface */,
				4BEEDEE014C073E100754579 /* Examples */,
				4BFD6B5B14D2D85D00CE9856 /* Templates */,
				4BFA552914C1C7AC00089995 /* ino */,
			);
			path = Resources;
			sourceTree = "<group>";
		};
		29B97323FDCFA39411CA2CEA /* Frameworks */ = {
			isa = PBXGroup;
			children = (
				1058C7A0FEA54F0111CA2CBB /* Linked Frameworks */,
				1058C7A2FEA54F0111CA2CBB /* Other Frameworks */,
			);
			name = Frameworks;
			sourceTree = "<group>";
		};
		4B07D81014BC9CDB00D7A32B /* Classes */ = {
			isa = PBXGroup;
			children = (
				4B07D81114BC9CF000D7A32B /* Document */,
				4B07D81214BC9D0000D7A32B /* Preferences */,
				4BF041DE14BCCCF100A64D1B /* Utilities */,
			);
			path = Classes;
			sourceTree = "<group>";
		};
		4B07D81114BC9CF000D7A32B /* Document */ = {
			isa = PBXGroup;
			children = (
				4BF041E914BCCD6600A64D1B /* FKSketchDocument.h */,
				4BF041EA14BCCD6600A64D1B /* FKSketchDocument.m */,
				4BF041E714BCCD6600A64D1B /* FKSerialMonitorWindowController.h */,
				4BF041E814BCCD6600A64D1B /* FKSerialMonitorWindowController.m */,
				4BF041E514BCCD6600A64D1B /* FKDocumentController.h */,
				4BF041E614BCCD6600A64D1B /* FKDocumentController.m */,
			);
			path = Document;
			sourceTree = "<group>";
		};
		4B07D81214BC9D0000D7A32B /* Preferences */ = {
			isa = PBXGroup;
			children = (
				4B07D82514BC9D4C00D7A32B /* FKGeneralPreferencesViewController.h */,
				4B07D82614BC9D4C00D7A32B /* FKGeneralPreferencesViewController.m */,
				4B07D82714BC9D4C00D7A32B /* FKUpdatePreferencesViewController.h */,
				4B07D82814BC9D4C00D7A32B /* FKUpdatePreferencesViewController.m */,
			);
			path = Preferences;
			sourceTree = "<group>";
		};
		4B07D83514BC9DB800D7A32B /* Interface */ = {
			isa = PBXGroup;
			children = (
				4B07D83B14BC9DCC00D7A32B /* MainMenu.xib */,
				4B07D83914BC9DCC00D7A32B /* FKSketchDocument.xib */,
				4B07D83714BC9DCC00D7A32B /* FKSerialMonitorWindowController.xib */,
				4B07D83614BC9DCC00D7A32B /* FKGeneralPreferencesViewController.xib */,
				4B07D83A14BC9DCC00D7A32B /* FKUpdatePreferencesViewController.xib */,
			);
			path = Interface;
			sourceTree = "<group>";
		};
		4B07D85214BCA15B00D7A32B /* Icons */ = {
			isa = PBXGroup;
			children = (
				4B07D85714BCA19700D7A32B /* Sketch.icns */,
				4B07D85314BCA19700D7A32B /* Archive.icns */,
				4B07D85414BCA19700D7A32B /* C Header.icns */,
				4B07D85614BCA19700D7A32B /* C Source.icns */,
				4B07D85514BCA19700D7A32B /* C++ Source.icns */,
				4B92375C14C2E614007A8BF4 /* Warning.png */,
				4B07D85F14BCA1B600D7A32B /* Terminal.png */,
				4B92376714C2EBC5007A8BF4 /* SoftwareUpdate.png */,
			);
			path = Icons;
			sourceTree = "<group>";
		};
		4B884EC614BB46DA00209EBF /* Products */ = {
			isa = PBXGroup;
			children = (
				4B884ECD14BB46DA00209EBF /* PSMTabBarControl.framework */,
			);
			name = Products;
			sourceTree = "<group>";
		};
		4B884F7A14BB5F0700209EBF /* Products */ = {
			isa = PBXGroup;
			children = (
				4B884F8114BB5F0700209EBF /* MGSFragaria.framework */,
			);
			name = Products;
			sourceTree = "<group>";
		};
		4B8D9F7E14B776E700C3E002 /* MASPreferences */ = {
			isa = PBXGroup;
			children = (
				4B8D9F8014B7770800C3E002 /* MASPreferencesViewController.h */,
				4B8D9F8214B7770800C3E002 /* MASPreferencesWindowController.h */,
				4B8D9F8314B7770800C3E002 /* MASPreferencesWindowController.m */,
				4B8D9F8114B7770800C3E002 /* MASPreferencesWindow.xib */,
			);
			path = MASPreferences;
			sourceTree = "<group>";
		};
		4B90C6AE14B7145700826E6D /* AMSerialPort */ = {
			isa = PBXGroup;
			children = (
				4B90C6B014B714D600826E6D /* AMSerialErrors.h */,
				4B90C6B114B714D600826E6D /* AMSerialPort.h */,
				4B90C6B214B714D600826E6D /* AMSerialPort.m */,
				4B0F412814B72B8B003D1F31 /* AMSerialPortAdditions.h */,
				4B0F412914B72B8B003D1F31 /* AMSerialPortAdditions.m */,
				4B90C6B514B714D600826E6D /* AMSerialPortList.h */,
				4B90C6B614B714D600826E6D /* AMSerialPortList.m */,
			);
			path = AMSerialPort;
			sourceTree = "<group>";
		};
		4B92375F14C2EB96007A8BF4 /* Sounds */ = {
			isa = PBXGroup;
			children = (
				4B92376014C2EBAB007A8BF4 /* Funk.aiff */,
				4B92376E14C2EE14007A8BF4 /* Tri-Tone.aiff */,
			);
			path = Sounds;
			sourceTree = "<group>";
		};
		4BEEDF0914C0B11700754579 /* SCEvents */ = {
			isa = PBXGroup;
			children = (
				4BEEDF0B14C0B13000754579 /* SCEvent.h */,
				4BEEDF0C14C0B13000754579 /* SCEvent.m */,
				4BEEDF0E14C0B13000754579 /* SCEvents.h */,
				4BEEDF0F14C0B13000754579 /* SCEvents.m */,
				4BEEDF0A14C0B13000754579 /* SCConstants.h */,
				4BEEDF0D14C0B13000754579 /* SCEventListenerProtocol.h */,
			);
			path = SCEvents;
			sourceTree = "<group>";
		};
		4BF041DE14BCCCF100A64D1B /* Utilities */ = {
			isa = PBXGroup;
			children = (
				4BF041DF14BCCD2800A64D1B /* FKInoTool.h */,
				4BF041E014BCCD2800A64D1B /* FKInoTool.m */,
				4BF041E114BCCD2800A64D1B /* FKSketchFile.h */,
				4BF041E214BCCD2800A64D1B /* FKSketchFile.m */,
				4B92375014C2CDE1007A8BF4 /* NSString-FKBuildOutput.h */,
				4B92375114C2CDE1007A8BF4 /* NSString-FKBuildOutput.m */,
			);
			path = Utilities;
			sourceTree = "<group>";
		};
		4BFA552914C1C7AC00089995 /* ino */ = {
			isa = PBXGroup;
			children = (
				4BFA552A14C1C7BB00089995 /* bin */,
				4BFA552B14C1C7BB00089995 /* ino-cocoduino.egg */,
			);
			name = ino;
			sourceTree = "<group>";
		};
		AB92A4151192B66A0055A3E7 /* Application */ = {
			isa = PBXGroup;
			children = (
				4BEEDF0914C0B11700754579 /* SCEvents */,
				4B90C6AE14B7145700826E6D /* AMSerialPort */,
				4B8D9F7E14B776E700C3E002 /* MASPreferences */,
				4B07D81014BC9CDB00D7A32B /* Classes */,
			);
			name = Application;
			sourceTree = "<group>";
		};
/* End PBXGroup section */

/* Begin PBXNativeTarget section */
		AB648E2911FB385700AEF7BD /* Cocoduino */ = {
			isa = PBXNativeTarget;
			buildConfigurationList = AB648E3211FB385900AEF7BD /* Build configuration list for PBXNativeTarget "Cocoduino" */;
			buildPhases = (
				AB648E2611FB385700AEF7BD /* Resources */,
				AB648E2711FB385700AEF7BD /* Sources */,
				AB648E2811FB385700AEF7BD /* Frameworks */,
				4BBD079514B4A5B100FA6E2C /* Copy Frameworks */,
				4BEEDF1F14C0C8F600754579 /* Lock Examples Directory */,
			);
			buildRules = (
			);
			dependencies = (
				4B884F8314BB5F0F00209EBF /* PBXTargetDependency */,
				4B884ECF14BB46F500209EBF /* PBXTargetDependency */,
			);
			name = Cocoduino;
			productName = "Fragaria Document Based App";
			productReference = AB648E2A11FB385700AEF7BD /* Cocoduino.app */;
			productType = "com.apple.product-type.application";
		};
/* End PBXNativeTarget section */

/* Begin PBXProject section */
		29B97313FDCFA39411CA2CEA /* Project object */ = {
			isa = PBXProject;
			attributes = {
				LastUpgradeCheck = 0420;
			};
			buildConfigurationList = C01FCF4E08A954540054247B /* Build configuration list for PBXProject "Cocoduino" */;
			compatibilityVersion = "Xcode 3.2";
			developmentRegion = English;
			hasScannedForEncodings = 1;
			knownRegions = (
				English,
				Japanese,
				French,
				German,
			);
			mainGroup = 29B97314FDCFA39411CA2CEA /* KosmicEditor */;
			projectDirPath = "";
			projectReferences = (
				{
					ProductGroup = 4B884F7A14BB5F0700209EBF /* Products */;
					ProjectRef = 4B884F7914BB5F0700209EBF /* Fragaria.xcodeproj */;
				},
				{
					ProductGroup = 4B884EC614BB46DA00209EBF /* Products */;
					ProjectRef = 4B884EC514BB46DA00209EBF /* PSMTabBarControl.xcodeproj */;
				},
			);
			projectRoot = "";
			targets = (
				AB648E2911FB385700AEF7BD /* Cocoduino */,
			);
		};
/* End PBXProject section */

/* Begin PBXReferenceProxy section */
		4B884ECD14BB46DA00209EBF /* PSMTabBarControl.framework */ = {
			isa = PBXReferenceProxy;
			fileType = wrapper.framework;
			path = PSMTabBarControl.framework;
			remoteRef = 4B884ECC14BB46DA00209EBF /* PBXContainerItemProxy */;
			sourceTree = BUILT_PRODUCTS_DIR;
		};
		4B884F8114BB5F0700209EBF /* MGSFragaria.framework */ = {
			isa = PBXReferenceProxy;
			fileType = wrapper.framework;
			path = MGSFragaria.framework;
			remoteRef = 4B884F8014BB5F0700209EBF /* PBXContainerItemProxy */;
			sourceTree = BUILT_PRODUCTS_DIR;
		};
/* End PBXReferenceProxy section */

/* Begin PBXResourcesBuildPhase section */
		AB648E2611FB385700AEF7BD /* Resources */ = {
			isa = PBXResourcesBuildPhase;
			buildActionMask = 2147483647;
			files = (
				4B8D9F8414B7770800C3E002 /* MASPreferencesWindow.xib in Resources */,
				4B07D83214BC9DA900D7A32B /* Boards.plist in Resources */,
				4B07D83314BC9DA900D7A32B /* dsa_pub.pem in Resources */,
				4B07D83C14BC9DCC00D7A32B /* FKGeneralPreferencesViewController.xib in Resources */,
				4B07D83D14BC9DCC00D7A32B /* FKSerialMonitorWindowController.xib in Resources */,
				4B07D83F14BC9DCC00D7A32B /* FKSketchDocument.xib in Resources */,
				4B07D84014BC9DCC00D7A32B /* FKUpdatePreferencesViewController.xib in Resources */,
				4B07D84114BC9DCC00D7A32B /* MainMenu.xib in Resources */,
				4B07D85914BCA19800D7A32B /* Archive.icns in Resources */,
				4B07D85A14BCA19800D7A32B /* C Header.icns in Resources */,
				4B07D85B14BCA19800D7A32B /* C++ Source.icns in Resources */,
				4B07D85C14BCA19800D7A32B /* C Source.icns in Resources */,
				4B07D85D14BCA19800D7A32B /* Sketch.icns in Resources */,
				4B07D86014BCA1B600D7A32B /* Terminal.png in Resources */,
				4BEEDEE114C073E100754579 /* Examples in Resources */,
				4BEEDF2E14C0D11800754579 /* LICENSE in Resources */,
				4BFA552C14C1C7BB00089995 /* bin in Resources */,
				4BFA552D14C1C7BB00089995 /* ino-cocoduino.egg in Resources */,
				4B92375E14C2E614007A8BF4 /* Warning.png in Resources */,
				4B92376214C2EBAB007A8BF4 /* Funk.aiff in Resources */,
				4B92376B14C2EBC6007A8BF4 /* SoftwareUpdate.png in Resources */,
				4B92376F14C2EE14007A8BF4 /* Tri-Tone.aiff in Resources */,
				4BFD6B5C14D2D85D00CE9856 /* Templates in Resources */,
			);
			runOnlyForDeploymentPostprocessing = 0;
		};
/* End PBXResourcesBuildPhase section */

/* Begin PBXShellScriptBuildPhase section */
		4BEEDF1F14C0C8F600754579 /* Lock Examples Directory */ = {
			isa = PBXShellScriptBuildPhase;
			buildActionMask = 12;
			files = (
			);
			inputPaths = (
			);
			name = "Lock Examples Directory";
			outputPaths = (
			);
			runOnlyForDeploymentPostprocessing = 0;
			shellPath = /bin/sh;
			shellScript = "cd ${CONFIGURATION_BUILD_DIR}/${UNLOCALIZED_RESOURCES_FOLDER_PATH}/Examples/\nchflags -R uchg *";
			showEnvVarsInLog = 0;
		};
/* End PBXShellScriptBuildPhase section */

/* Begin PBXSourcesBuildPhase section */
		AB648E2711FB385700AEF7BD /* Sources */ = {
			isa = PBXSourcesBuildPhase;
			buildActionMask = 2147483647;
			files = (
				4B90C6B714B714D600826E6D /* AMSerialPort.m in Sources */,
				4B90C6B914B714D600826E6D /* AMSerialPortList.m in Sources */,
				4B0F412A14B72B8B003D1F31 /* AMSerialPortAdditions.m in Sources */,
				4B8D9F8514B7770800C3E002 /* MASPreferencesWindowController.m in Sources */,
				4B07D82914BC9D4C00D7A32B /* FKGeneralPreferencesViewController.m in Sources */,
				4B07D82A14BC9D4C00D7A32B /* FKUpdatePreferencesViewController.m in Sources */,
				4B07D82C14BC9D6E00D7A32B /* main.m in Sources */,
				4BF041E314BCCD2800A64D1B /* FKInoTool.m in Sources */,
				4BF041E414BCCD2800A64D1B /* FKSketchFile.m in Sources */,
				4BF041EB14BCCD6600A64D1B /* FKDocumentController.m in Sources */,
				4BF041EC14BCCD6600A64D1B /* FKSerialMonitorWindowController.m in Sources */,
				4BF041ED14BCCD6600A64D1B /* FKSketchDocument.m in Sources */,
				4BEEDF1014C0B13000754579 /* SCEvent.m in Sources */,
				4BEEDF1114C0B13000754579 /* SCEvents.m in Sources */,
				4B92375214C2CDE1007A8BF4 /* NSString-FKBuildOutput.m in Sources */,
			);
			runOnlyForDeploymentPostprocessing = 0;
		};
/* End PBXSourcesBuildPhase section */

/* Begin PBXTargetDependency section */
		4B884ECF14BB46F500209EBF /* PBXTargetDependency */ = {
			isa = PBXTargetDependency;
			name = PSMTabBarControlFramework;
			targetProxy = 4B884ECE14BB46F500209EBF /* PBXContainerItemProxy */;
		};
		4B884F8314BB5F0F00209EBF /* PBXTargetDependency */ = {
			isa = PBXTargetDependency;
			name = MGSFragaria;
			targetProxy = 4B884F8214BB5F0F00209EBF /* PBXContainerItemProxy */;
		};
/* End PBXTargetDependency section */

/* Begin XCBuildConfiguration section */
		AB648E2D11FB385800AEF7BD /* Debug */ = {
			isa = XCBuildConfiguration;
			buildSettings = {
				ALWAYS_SEARCH_USER_PATHS = NO;
				CLANG_ENABLE_OBJC_ARC = YES;
				CODE_SIGN_IDENTITY = "3rd Party Mac Developer Application";
				COPY_PHASE_STRIP = NO;
				FRAMEWORK_SEARCH_PATHS = (
					"$(inherited)",
					"\"$(SRCROOT)\"",
				);
				GCC_DYNAMIC_NO_PIC = NO;
				GCC_OPTIMIZATION_LEVEL = 0;
				GCC_PRECOMPILE_PREFIX_HEADER = YES;
				GCC_PREFIX_HEADER = "$(SYSTEM_LIBRARY_DIR)/Frameworks/AppKit.framework/Headers/AppKit.h";
				GCC_VERSION = com.apple.compilers.llvm.clang.1_0;
				INFOPLIST_FILE = "Cocoduino-Info.plist";
				INSTALL_PATH = /Applications;
				OTHER_LDFLAGS = "";
				PRODUCT_NAME = Cocoduino;
			};
			name = Debug;
		};
		AB648E2E11FB385800AEF7BD /* Release */ = {
			isa = XCBuildConfiguration;
			buildSettings = {
				ALWAYS_SEARCH_USER_PATHS = NO;
				CLANG_ENABLE_OBJC_ARC = YES;
				CODE_SIGN_IDENTITY = "3rd Party Mac Developer Application";
				COPY_PHASE_STRIP = YES;
				DEBUG_INFORMATION_FORMAT = dwarf;
				FRAMEWORK_SEARCH_PATHS = (
					"$(inherited)",
					"\"$(SRCROOT)\"",
				);
				GCC_PRECOMPILE_PREFIX_HEADER = YES;
				GCC_PREFIX_HEADER = "$(SYSTEM_LIBRARY_DIR)/Frameworks/AppKit.framework/Headers/AppKit.h";
				GCC_VERSION = com.apple.compilers.llvm.clang.1_0;
				INFOPLIST_FILE = "Cocoduino-Info.plist";
				INSTALL_PATH = /Applications;
				OTHER_LDFLAGS = "";
				PRODUCT_NAME = Cocoduino;
				ZERO_LINK = NO;
			};
			name = Release;
		};
		C01FCF4F08A954540054247B /* Debug */ = {
			isa = XCBuildConfiguration;
			buildSettings = {
				ALWAYS_SEARCH_USER_PATHS = NO;
				ARCHS = "$(ARCHS_STANDARD_64_BIT)";
				CLANG_WARN_DEPRECATED_OBJC_IMPLEMENTATIONS = YES;
				CLANG_WARN_IMPLICIT_SIGN_CONVERSION = NO;
				GCC_C_LANGUAGE_STANDARD = "compiler-default";
				GCC_ENABLE_OBJC_GC = unsupported;
				GCC_OPTIMIZATION_LEVEL = 0;
				GCC_PRECOMPILE_PREFIX_HEADER = YES;
				GCC_WARN_64_TO_32_BIT_CONVERSION = YES;
				GCC_WARN_ABOUT_MISSING_FIELD_INITIALIZERS = YES;
				GCC_WARN_ABOUT_MISSING_PROTOTYPES = NO;
				GCC_WARN_ABOUT_RETURN_TYPE = YES;
				GCC_WARN_CHECK_SWITCH_STATEMENTS = YES;
				GCC_WARN_INITIALIZER_NOT_FULLY_BRACKETED = YES;
				GCC_WARN_MISSING_PARENTHESES = YES;
				GCC_WARN_MULTIPLE_DEFINITION_TYPES_FOR_SELECTOR = NO;
				GCC_WARN_SHADOW = YES;
				GCC_WARN_SIGN_COMPARE = NO;
				GCC_WARN_UNDECLARED_SELECTOR = YES;
				GCC_WARN_UNINITIALIZED_AUTOS = YES;
				GCC_WARN_UNKNOWN_PRAGMAS = YES;
				GCC_WARN_UNUSED_FUNCTION = NO;
				GCC_WARN_UNUSED_LABEL = NO;
				GCC_WARN_UNUSED_PARAMETER = NO;
				GCC_WARN_UNUSED_VALUE = YES;
				GCC_WARN_UNUSED_VARIABLE = NO;
				HEADER_SEARCH_PATHS = "";
				MACOSX_DEPLOYMENT_TARGET = 10.7;
				ONLY_ACTIVE_ARCH = YES;
				RUN_CLANG_STATIC_ANALYZER = NO;
				SDKROOT = macosx;
				WARNING_CFLAGS = "";
			};
			name = Debug;
		};
		C01FCF5008A954540054247B /* Release */ = {
			isa = XCBuildConfiguration;
			buildSettings = {
				ALWAYS_SEARCH_USER_PATHS = NO;
				ARCHS = "$(ARCHS_STANDARD_64_BIT)";
				CLANG_WARN_DEPRECATED_OBJC_IMPLEMENTATIONS = YES;
				CLANG_WARN_IMPLICIT_SIGN_CONVERSION = NO;
				GCC_C_LANGUAGE_STANDARD = "compiler-default";
				GCC_ENABLE_OBJC_GC = unsupported;
				GCC_PRECOMPILE_PREFIX_HEADER = YES;
				GCC_WARN_64_TO_32_BIT_CONVERSION = YES;
				GCC_WARN_ABOUT_MISSING_FIELD_INITIALIZERS = YES;
				GCC_WARN_ABOUT_MISSING_PROTOTYPES = NO;
				GCC_WARN_ABOUT_RETURN_TYPE = YES;
				GCC_WARN_CHECK_SWITCH_STATEMENTS = YES;
				GCC_WARN_INITIALIZER_NOT_FULLY_BRACKETED = YES;
				GCC_WARN_MISSING_PARENTHESES = YES;
				GCC_WARN_MULTIPLE_DEFINITION_TYPES_FOR_SELECTOR = NO;
				GCC_WARN_SHADOW = YES;
				GCC_WARN_SIGN_COMPARE = NO;
				GCC_WARN_UNDECLARED_SELECTOR = YES;
				GCC_WARN_UNINITIALIZED_AUTOS = YES;
				GCC_WARN_UNKNOWN_PRAGMAS = YES;
				GCC_WARN_UNUSED_FUNCTION = NO;
				GCC_WARN_UNUSED_LABEL = NO;
				GCC_WARN_UNUSED_PARAMETER = NO;
				GCC_WARN_UNUSED_VALUE = YES;
				GCC_WARN_UNUSED_VARIABLE = NO;
				HEADER_SEARCH_PATHS = "";
				MACOSX_DEPLOYMENT_TARGET = 10.7;
				RUN_CLANG_STATIC_ANALYZER = NO;
				SDKROOT = macosx;
				WARNING_CFLAGS = "";
			};
			name = Release;
		};
/* End XCBuildConfiguration section */

/* Begin XCConfigurationList section */
		AB648E3211FB385900AEF7BD /* Build configuration list for PBXNativeTarget "Cocoduino" */ = {
			isa = XCConfigurationList;
			buildConfigurations = (
				AB648E2D11FB385800AEF7BD /* Debug */,
				AB648E2E11FB385800AEF7BD /* Release */,
			);
			defaultConfigurationIsVisible = 0;
			defaultConfigurationName = Release;
		};
		C01FCF4E08A954540054247B /* Build configuration list for PBXProject "Cocoduino" */ = {
			isa = XCConfigurationList;
			buildConfigurations = (
				C01FCF4F08A954540054247B /* Debug */,
				C01FCF5008A954540054247B /* Release */,
			);
			defaultConfigurationIsVisible = 0;
			defaultConfigurationName = Release;
		};
/* End XCConfigurationList section */
	};
	rootObject = 29B97313FDCFA39411CA2CEA /* Project object */;
}
